
Microsoft Visual Studio Solution File, Format Version 12.00
Project("{FAE04EC0-301F-11D3-BF4B-00C04F79EFBC}") = "WebApp", "WebApp\WebApp.csproj", "{D0B1D017-C0DE-40ED-8A48-647AB42CC670}"
EndProject
Project("{2150E333-8FDC-42A3-9474-1A3956D46DE8}") = "Base", "Base", "{0DEDB788-BDE5-4B6E-97B4-77BE2AB50705}"
EndProject
Project("{2150E333-8FDC-42A3-9474-1A3956D46DE8}") = "App", "App", "{D124F24D-75B4-4E29-8B53-9DFADD50EE4D}"
EndProject
Project("{FAE04EC0-301F-11D3-BF4B-00C04F79EFBC}") = "Contracts.DAL.App", "Contracts.DAL.App\Contracts.DAL.App.csproj", "{00978BE1-31BB-4DCA-BC36-3A9BC73C2713}"
EndProject
Project("{FAE04EC0-301F-11D3-BF4B-00C04F79EFBC}") = "DAL.App.DTO", "DAL.App.DTO\DAL.App.DTO.csproj", "{66C62999-6F06-4A0A-A783-B6F1780FD001}"
EndProject
Project("{FAE04EC0-301F-11D3-BF4B-00C04F79EFBC}") = "DAL.App.EF", "DAL.App.EF\DAL.App.EF.csproj", "{7097A106-047D-4242-9265-6C5CF7DA008F}"
EndProject
Project("{FAE04EC0-301F-11D3-BF4B-00C04F79EFBC}") = "Domain.App", "Domain.App\Domain.App.csproj", "{AE4DE4F3-3706-42E9-8071-A6D896FB1F6F}"
EndProject
Project("{FAE04EC0-301F-11D3-BF4B-00C04F79EFBC}") = "Contracts.DAL.Base", "Contracts.DAL.Base\Contracts.DAL.Base.csproj", "{584803C8-8FF8-4682-BF3D-387191679F0E}"
EndProject
Project("{FAE04EC0-301F-11D3-BF4B-00C04F79EFBC}") = "Contracts.Domain.Base", "Contracts.Domain.Base\Contracts.Domain.Base.csproj", "{CBB9660B-3A46-4782-A12B-25774E13329F}"
EndProject
Project("{FAE04EC0-301F-11D3-BF4B-00C04F79EFBC}") = "DAL.Base", "DAL.Base\DAL.Base.csproj", "{C279B240-5DF8-470C-8ECA-85227FB0F2A0}"
EndProject
Project("{FAE04EC0-301F-11D3-BF4B-00C04F79EFBC}") = "DAL.Base.EF", "DAL.Base.EF\DAL.Base.EF.csproj", "{52D211DA-D385-4DCC-A19D-014BE99CA31A}"
EndProject
Project("{FAE04EC0-301F-11D3-BF4B-00C04F79EFBC}") = "Domain.Base", "Domain.Base\Domain.Base.csproj", "{4047B72D-C3A7-4EF9-BFB2-C5414E4D041D}"
EndProject
Project("{2150E333-8FDC-42A3-9474-1A3956D46DE8}") = "Solution Items", "Solution Items", "{ECBA8CA3-185C-41BF-A9FC-9FF9BFD12A33}"
EndProject
Project("{2150E333-8FDC-42A3-9474-1A3956D46DE8}") = "Frontend", "Frontend", "{F276841F-CAB3-4EC2-9004-4366160E6F0B}"
	ProjectSection(SolutionItems) = preProject
		Frontend\static\css\main.195e4863.css = Frontend\static\css\main.195e4863.css
		Frontend\static\css\main.195e4863.css.map = Frontend\static\css\main.195e4863.css.map
		Frontend\static\js\main.52684030.js = Frontend\static\js\main.52684030.js
		Frontend\static\js\787.07737b41.chunk.js.map = Frontend\static\js\787.07737b41.chunk.js.map
		Frontend\static\js\main.52684030.js.LICENSE.txt = Frontend\static\js\main.52684030.js.LICENSE.txt
		Frontend\static\js\787.07737b41.chunk.js = Frontend\static\js\787.07737b41.chunk.js
		Frontend\static\js\main.52684030.js.map = Frontend\static\js\main.52684030.js.map
	EndProjectSection
EndProject
Global
	GlobalSection(SolutionConfigurationPlatforms) = preSolution
		Debug|Any CPU = Debug|Any CPU
		Release|Any CPU = Release|Any CPU
	EndGlobalSection
	GlobalSection(ProjectConfigurationPlatforms) = postSolution
		{D0B1D017-C0DE-40ED-8A48-647AB42CC670}.Debug|Any CPU.ActiveCfg = Debug|Any CPU
		{D0B1D017-C0DE-40ED-8A48-647AB42CC670}.Debug|Any CPU.Build.0 = Debug|Any CPU
		{D0B1D017-C0DE-40ED-8A48-647AB42CC670}.Release|Any CPU.ActiveCfg = Release|Any CPU
		{D0B1D017-C0DE-40ED-8A48-647AB42CC670}.Release|Any CPU.Build.0 = Release|Any CPU
		{00978BE1-31BB-4DCA-BC36-3A9BC73C2713}.Debug|Any CPU.ActiveCfg = Debug|Any CPU
		{00978BE1-31BB-4DCA-BC36-3A9BC73C2713}.Debug|Any CPU.Build.0 = Debug|Any CPU
		{00978BE1-31BB-4DCA-BC36-3A9BC73C2713}.Release|Any CPU.ActiveCfg = Release|Any CPU
		{00978BE1-31BB-4DCA-BC36-3A9BC73C2713}.Release|Any CPU.Build.0 = Release|Any CPU
		{66C62999-6F06-4A0A-A783-B6F1780FD001}.Debug|Any CPU.ActiveCfg = Debug|Any CPU
		{66C62999-6F06-4A0A-A783-B6F1780FD001}.Debug|Any CPU.Build.0 = Debug|Any CPU
		{66C62999-6F06-4A0A-A783-B6F1780FD001}.Release|Any CPU.ActiveCfg = Release|Any CPU
		{66C62999-6F06-4A0A-A783-B6F1780FD001}.Release|Any CPU.Build.0 = Release|Any CPU
		{7097A106-047D-4242-9265-6C5CF7DA008F}.Debug|Any CPU.ActiveCfg = Debug|Any CPU
		{7097A106-047D-4242-9265-6C5CF7DA008F}.Debug|Any CPU.Build.0 = Debug|Any CPU
		{7097A106-047D-4242-9265-6C5CF7DA008F}.Release|Any CPU.ActiveCfg = Release|Any CPU
		{7097A106-047D-4242-9265-6C5CF7DA008F}.Release|Any CPU.Build.0 = Release|Any CPU
		{AE4DE4F3-3706-42E9-8071-A6D896FB1F6F}.Debug|Any CPU.ActiveCfg = Debug|Any CPU
		{AE4DE4F3-3706-42E9-8071-A6D896FB1F6F}.Debug|Any CPU.Build.0 = Debug|Any CPU
		{AE4DE4F3-3706-42E9-8071-A6D896FB1F6F}.Release|Any CPU.ActiveCfg = Release|Any CPU
		{AE4DE4F3-3706-42E9-8071-A6D896FB1F6F}.Release|Any CPU.Build.0 = Release|Any CPU
		{584803C8-8FF8-4682-BF3D-387191679F0E}.Debug|Any CPU.ActiveCfg = Debug|Any CPU
		{584803C8-8FF8-4682-BF3D-387191679F0E}.Debug|Any CPU.Build.0 = Debug|Any CPU
		{584803C8-8FF8-4682-BF3D-387191679F0E}.Release|Any CPU.ActiveCfg = Release|Any CPU
		{584803C8-8FF8-4682-BF3D-387191679F0E}.Release|Any CPU.Build.0 = Release|Any CPU
		{CBB9660B-3A46-4782-A12B-25774E13329F}.Debug|Any CPU.ActiveCfg = Debug|Any CPU
		{CBB9660B-3A46-4782-A12B-25774E13329F}.Debug|Any CPU.Build.0 = Debug|Any CPU
		{CBB9660B-3A46-4782-A12B-25774E13329F}.Release|Any CPU.ActiveCfg = Release|Any CPU
		{CBB9660B-3A46-4782-A12B-25774E13329F}.Release|Any CPU.Build.0 = Release|Any CPU
		{C279B240-5DF8-470C-8ECA-85227FB0F2A0}.Debug|Any CPU.ActiveCfg = Debug|Any CPU
		{C279B240-5DF8-470C-8ECA-85227FB0F2A0}.Debug|Any CPU.Build.0 = Debug|Any CPU
		{C279B240-5DF8-470C-8ECA-85227FB0F2A0}.Release|Any CPU.ActiveCfg = Release|Any CPU
		{C279B240-5DF8-470C-8ECA-85227FB0F2A0}.Release|Any CPU.Build.0 = Release|Any CPU
		{52D211DA-D385-4DCC-A19D-014BE99CA31A}.Debug|Any CPU.ActiveCfg = Debug|Any CPU
		{52D211DA-D385-4DCC-A19D-014BE99CA31A}.Debug|Any CPU.Build.0 = Debug|Any CPU
		{52D211DA-D385-4DCC-A19D-014BE99CA31A}.Release|Any CPU.ActiveCfg = Release|Any CPU
		{52D211DA-D385-4DCC-A19D-014BE99CA31A}.Release|Any CPU.Build.0 = Release|Any CPU
		{4047B72D-C3A7-4EF9-BFB2-C5414E4D041D}.Debug|Any CPU.ActiveCfg = Debug|Any CPU
		{4047B72D-C3A7-4EF9-BFB2-C5414E4D041D}.Debug|Any CPU.Build.0 = Debug|Any CPU
		{4047B72D-C3A7-4EF9-BFB2-C5414E4D041D}.Release|Any CPU.ActiveCfg = Release|Any CPU
		{4047B72D-C3A7-4EF9-BFB2-C5414E4D041D}.Release|Any CPU.Build.0 = Release|Any CPU
	EndGlobalSection
	GlobalSection(NestedProjects) = preSolution
		{D0B1D017-C0DE-40ED-8A48-647AB42CC670} = {D124F24D-75B4-4E29-8B53-9DFADD50EE4D}
		{00978BE1-31BB-4DCA-BC36-3A9BC73C2713} = {D124F24D-75B4-4E29-8B53-9DFADD50EE4D}
		{66C62999-6F06-4A0A-A783-B6F1780FD001} = {D124F24D-75B4-4E29-8B53-9DFADD50EE4D}
		{7097A106-047D-4242-9265-6C5CF7DA008F} = {D124F24D-75B4-4E29-8B53-9DFADD50EE4D}
		{AE4DE4F3-3706-42E9-8071-A6D896FB1F6F} = {D124F24D-75B4-4E29-8B53-9DFADD50EE4D}
		{584803C8-8FF8-4682-BF3D-387191679F0E} = {0DEDB788-BDE5-4B6E-97B4-77BE2AB50705}
		{CBB9660B-3A46-4782-A12B-25774E13329F} = {0DEDB788-BDE5-4B6E-97B4-77BE2AB50705}
		{C279B240-5DF8-470C-8ECA-85227FB0F2A0} = {0DEDB788-BDE5-4B6E-97B4-77BE2AB50705}
		{52D211DA-D385-4DCC-A19D-014BE99CA31A} = {0DEDB788-BDE5-4B6E-97B4-77BE2AB50705}
		{4047B72D-C3A7-4EF9-BFB2-C5414E4D041D} = {0DEDB788-BDE5-4B6E-97B4-77BE2AB50705}
	EndGlobalSection
EndGlobal
